PODS:
  - Flutter (1.0.0)
  - integration_test (0.0.1):
    - Flutter
  - youtube_player_native (0.0.2):
    - Flutter

DEPENDENCIES:
  - Flutter (from `Flutter`)
  - integration_test (from `.symlinks/plugins/integration_test/ios`)
  - youtube_player_native (from `.symlinks/plugins/youtube_player_native/ios`)

EXTERNAL SOURCES:
  Flutter:
    :path: Flutter
  integration_test:
    :path: ".symlinks/plugins/integration_test/ios"
  youtube_player_native:
    :path: ".symlinks/plugins/youtube_player_native/ios"

SPEC CHECKSUMS:
  Flutter: e0871f40cf51350855a761d2e70bf5af5b9b5de7
  integration_test: 4a889634ef21a45d28d50d622cf412dc6d9f586e
  youtube_player_native: b4870362140f4ba056376726d2221a6b1a4d7553

PODFILE CHECKSUM: 4305caec6b40dde0ae97be1573c53de1882a07e5

COCOAPODS: 1.16.2
